
Microsoft Visual Studio Solution File, Format Version 12.00
# Visual Studio Version 17
VisualStudioVersion = 17.14.36310.24 d17.14
MinimumVisualStudioVersion = 10.0.40219.1
Project("{FAE04EC0-301F-11D3-BF4B-00C04F79EFBC}") = "PRACTICA_7", "PRACTICA_7\PRACTICA_7.csproj", "{91954845-C07B-49EB-A461-E4E6A7340649}"
EndProject
Global
	GlobalSection(SolutionConfigurationPlatforms) = preSolution
		Debug|Any CPU = Debug|Any CPU
		Release|Any CPU = Release|Any CPU
	EndGlobalSection
	GlobalSection(ProjectConfigurationPlatforms) = postSolution
		{91954845-C07B-49EB-A461-E4E6A7340649}.Debug|Any CPU.ActiveCfg = Debug|Any CPU
		{91954845-C07B-49EB-A461-E4E6A7340649}.Debug|Any CPU.Build.0 = Debug|Any CPU
		{91954845-C07B-49EB-A461-E4E6A7340649}.Release|Any CPU.ActiveCfg = Release|Any CPU
		{91954845-C07B-49EB-A461-E4E6A7340649}.Release|Any CPU.Build.0 = Release|Any CPU
	EndGlobalSection
	GlobalSection(SolutionProperties) = preSolution
		HideSolutionNode = FALSE
	EndGlobalSection
	GlobalSection(ExtensibilityGlobals) = postSolution
		SolutionGuid = {735DBAA1-6FF1-4A6A-9ED3-6FB82B48BB05}
	EndGlobalSection
EndGlobal
