
Microsoft Visual Studio Solution File, Format Version 12.00
# Visual Studio Version 17
VisualStudioVersion = 17.10.35122.118
MinimumVisualStudioVersion = 10.0.40219.1
Project("{FAE04EC0-301F-11D3-BF4B-00C04F79EFBC}") = "Vistas", "Vistas\Vistas.csproj", "{7CBB634D-1F88-4145-BB94-01EEC0C0EFD3}"
EndProject
Project("{FAE04EC0-301F-11D3-BF4B-00C04F79EFBC}") = "Negocio", "Negocio\Negocio.csproj", "{EF413710-89FE-4DE6-BE66-39F786CA482E}"
EndProject
Project("{FAE04EC0-301F-11D3-BF4B-00C04F79EFBC}") = "Entidades", "Entidades\Entidades.csproj", "{830B1602-35F5-4D86-B797-515D1B48CCDC}"
EndProject
Project("{FAE04EC0-301F-11D3-BF4B-00C04F79EFBC}") = "Dao", "Dao\Dao.csproj", "{61976343-EE65-4CE6-BD41-72727C8B8DA9}"
EndProject
Global
	GlobalSection(SolutionConfigurationPlatforms) = preSolution
		Debug|Any CPU = Debug|Any CPU
		Release|Any CPU = Release|Any CPU
	EndGlobalSection
	GlobalSection(ProjectConfigurationPlatforms) = postSolution
		{7CBB634D-1F88-4145-BB94-01EEC0C0EFD3}.Debug|Any CPU.ActiveCfg = Debug|Any CPU
		{7CBB634D-1F88-4145-BB94-01EEC0C0EFD3}.Debug|Any CPU.Build.0 = Debug|Any CPU
		{7CBB634D-1F88-4145-BB94-01EEC0C0EFD3}.Release|Any CPU.ActiveCfg = Release|Any CPU
		{7CBB634D-1F88-4145-BB94-01EEC0C0EFD3}.Release|Any CPU.Build.0 = Release|Any CPU
		{EF413710-89FE-4DE6-BE66-39F786CA482E}.Debug|Any CPU.ActiveCfg = Debug|Any CPU
		{EF413710-89FE-4DE6-BE66-39F786CA482E}.Debug|Any CPU.Build.0 = Debug|Any CPU
		{EF413710-89FE-4DE6-BE66-39F786CA482E}.Release|Any CPU.ActiveCfg = Release|Any CPU
		{EF413710-89FE-4DE6-BE66-39F786CA482E}.Release|Any CPU.Build.0 = Release|Any CPU
		{830B1602-35F5-4D86-B797-515D1B48CCDC}.Debug|Any CPU.ActiveCfg = Debug|Any CPU
		{830B1602-35F5-4D86-B797-515D1B48CCDC}.Debug|Any CPU.Build.0 = Debug|Any CPU
		{830B1602-35F5-4D86-B797-515D1B48CCDC}.Release|Any CPU.ActiveCfg = Release|Any CPU
		{830B1602-35F5-4D86-B797-515D1B48CCDC}.Release|Any CPU.Build.0 = Release|Any CPU
		{61976343-EE65-4CE6-BD41-72727C8B8DA9}.Debug|Any CPU.ActiveCfg = Debug|Any CPU
		{61976343-EE65-4CE6-BD41-72727C8B8DA9}.Debug|Any CPU.Build.0 = Debug|Any CPU
		{61976343-EE65-4CE6-BD41-72727C8B8DA9}.Release|Any CPU.ActiveCfg = Release|Any CPU
		{61976343-EE65-4CE6-BD41-72727C8B8DA9}.Release|Any CPU.Build.0 = Release|Any CPU
	EndGlobalSection
	GlobalSection(SolutionProperties) = preSolution
		HideSolutionNode = FALSE
	EndGlobalSection
	GlobalSection(ExtensibilityGlobals) = postSolution
		SolutionGuid = {3D669679-58D1-43E8-B684-E82C3FFB4479}
	EndGlobalSection
EndGlobal
