
Microsoft Visual Studio Solution File, Format Version 12.00
# Visual Studio Version 17
VisualStudioVersion = 17.14.36408.4 d17.14
MinimumVisualStudioVersion = 10.0.40219.1
Project("{FAE04EC0-301F-11D3-BF4B-00C04F79EFBC}") = "TP7", "TP7\TP7.csproj", "{D7F14634-0BB4-46D8-B841-83D8AD34EA71}"
EndProject
Global
	GlobalSection(SolutionConfigurationPlatforms) = preSolution
		Debug|Any CPU = Debug|Any CPU
		Release|Any CPU = Release|Any CPU
	EndGlobalSection
	GlobalSection(ProjectConfigurationPlatforms) = postSolution
		{D7F14634-0BB4-46D8-B841-83D8AD34EA71}.Debug|Any CPU.ActiveCfg = Debug|Any CPU
		{D7F14634-0BB4-46D8-B841-83D8AD34EA71}.Debug|Any CPU.Build.0 = Debug|Any CPU
		{D7F14634-0BB4-46D8-B841-83D8AD34EA71}.Release|Any CPU.ActiveCfg = Release|Any CPU
		{D7F14634-0BB4-46D8-B841-83D8AD34EA71}.Release|Any CPU.Build.0 = Release|Any CPU
	EndGlobalSection
	GlobalSection(SolutionProperties) = preSolution
		HideSolutionNode = FALSE
	EndGlobalSection
	GlobalSection(ExtensibilityGlobals) = postSolution
		SolutionGuid = {F086A9D7-B776-4294-BCDC-6C3CDDB6B12C}
	EndGlobalSection
EndGlobal
