
Microsoft Visual Studio Solution File, Format Version 12.00
# Visual Studio Version 17
VisualStudioVersion = 17.14.36310.24 d17.14
MinimumVisualStudioVersion = 10.0.40219.1
Project("{FAE04EC0-301F-11D3-BF4B-00C04F79EFBC}") = "PRACTICA_3", "PRACTICA_3\PRACTICA_3.csproj", "{DD758E6B-6DB0-4592-8CFB-BCF0E12A5601}"
EndProject
Global
	GlobalSection(SolutionConfigurationPlatforms) = preSolution
		Debug|Any CPU = Debug|Any CPU
		Release|Any CPU = Release|Any CPU
	EndGlobalSection
	GlobalSection(ProjectConfigurationPlatforms) = postSolution
		{DD758E6B-6DB0-4592-8CFB-BCF0E12A5601}.Debug|Any CPU.ActiveCfg = Debug|Any CPU
		{DD758E6B-6DB0-4592-8CFB-BCF0E12A5601}.Debug|Any CPU.Build.0 = Debug|Any CPU
		{DD758E6B-6DB0-4592-8CFB-BCF0E12A5601}.Release|Any CPU.ActiveCfg = Release|Any CPU
		{DD758E6B-6DB0-4592-8CFB-BCF0E12A5601}.Release|Any CPU.Build.0 = Release|Any CPU
	EndGlobalSection
	GlobalSection(SolutionProperties) = preSolution
		HideSolutionNode = FALSE
	EndGlobalSection
	GlobalSection(ExtensibilityGlobals) = postSolution
		SolutionGuid = {A0371BE9-2D58-4DC7-8094-ADACB95487B0}
	EndGlobalSection
EndGlobal
