
Microsoft Visual Studio Solution File, Format Version 12.00
# Visual Studio Version 17
VisualStudioVersion = 17.14.36310.24 d17.14
MinimumVisualStudioVersion = 10.0.40219.1
Project("{FAE04EC0-301F-11D3-BF4B-00C04F79EFBC}") = "TP_1_GRUPAL", "TP_1_GRUPAL\TP_1_GRUPAL.csproj", "{69B5BCF0-4C4B-4819-89E6-63A5704C2F45}"
EndProject
Global
	GlobalSection(SolutionConfigurationPlatforms) = preSolution
		Debug|Any CPU = Debug|Any CPU
		Release|Any CPU = Release|Any CPU
	EndGlobalSection
	GlobalSection(ProjectConfigurationPlatforms) = postSolution
		{69B5BCF0-4C4B-4819-89E6-63A5704C2F45}.Debug|Any CPU.ActiveCfg = Debug|Any CPU
		{69B5BCF0-4C4B-4819-89E6-63A5704C2F45}.Debug|Any CPU.Build.0 = Debug|Any CPU
		{69B5BCF0-4C4B-4819-89E6-63A5704C2F45}.Release|Any CPU.ActiveCfg = Release|Any CPU
		{69B5BCF0-4C4B-4819-89E6-63A5704C2F45}.Release|Any CPU.Build.0 = Release|Any CPU
	EndGlobalSection
	GlobalSection(SolutionProperties) = preSolution
		HideSolutionNode = FALSE
	EndGlobalSection
	GlobalSection(ExtensibilityGlobals) = postSolution
		SolutionGuid = {EDB34DF3-7166-40AC-871B-006E169A46D3}
	EndGlobalSection
EndGlobal
