
Microsoft Visual Studio Solution File, Format Version 11.00
# Visual Studio 2010
Project("{FAE04EC0-301F-11D3-BF4B-00C04F79EFBC}") = "CargarSugerencias", "CargarSugerencias\CargarSugerencias.csproj", "{2754BB13-F149-4092-B22C-64132F6D7931}"
EndProject
Global
	GlobalSection(SolutionConfigurationPlatforms) = preSolution
		Debug|x86 = Debug|x86
		Release|x86 = Release|x86
	EndGlobalSection
	GlobalSection(ProjectConfigurationPlatforms) = postSolution
		{2754BB13-F149-4092-B22C-64132F6D7931}.Debug|x86.ActiveCfg = Debug|x86
		{2754BB13-F149-4092-B22C-64132F6D7931}.Debug|x86.Build.0 = Debug|x86
		{2754BB13-F149-4092-B22C-64132F6D7931}.Release|x86.ActiveCfg = Release|x86
		{2754BB13-F149-4092-B22C-64132F6D7931}.Release|x86.Build.0 = Release|x86
	EndGlobalSection
	GlobalSection(SolutionProperties) = preSolution
		HideSolutionNode = FALSE
	EndGlobalSection
EndGlobal
