
Microsoft Visual Studio Solution File, Format Version 12.00
# Visual Studio Version 17
VisualStudioVersion = 17.14.36310.24 d17.14
MinimumVisualStudioVersion = 10.0.40219.1
Project("{FAE04EC0-301F-11D3-BF4B-00C04F79EFBC}") = "MiPrimerAplicacion", "MiPrimerAplicacion\MiPrimerAplicacion.csproj", "{20177B13-264E-4391-BDC7-5E91F0DBC163}"
EndProject
Global
	GlobalSection(SolutionConfigurationPlatforms) = preSolution
		Debug|Any CPU = Debug|Any CPU
		Release|Any CPU = Release|Any CPU
	EndGlobalSection
	GlobalSection(ProjectConfigurationPlatforms) = postSolution
		{20177B13-264E-4391-BDC7-5E91F0DBC163}.Debug|Any CPU.ActiveCfg = Debug|Any CPU
		{20177B13-264E-4391-BDC7-5E91F0DBC163}.Debug|Any CPU.Build.0 = Debug|Any CPU
		{20177B13-264E-4391-BDC7-5E91F0DBC163}.Release|Any CPU.ActiveCfg = Release|Any CPU
		{20177B13-264E-4391-BDC7-5E91F0DBC163}.Release|Any CPU.Build.0 = Release|Any CPU
	EndGlobalSection
	GlobalSection(SolutionProperties) = preSolution
		HideSolutionNode = FALSE
	EndGlobalSection
	GlobalSection(ExtensibilityGlobals) = postSolution
		SolutionGuid = {52BD0698-ACB1-4648-8A65-F9CD18CF35F7}
	EndGlobalSection
EndGlobal
